// !$*UTF8*$!
{
	archiveVersion = 1;
	classes = {
	};
	objectVersion = 56;
	objects = {

/* Begin PBXBuildFile section */
		5BC5116429819D19008E299B /* AppDelegate.swift in Sources */ = {isa = PBXBuildFile; fileRef = 5BC5116329819D19008E299B /* AppDelegate.swift */; };
		5BC5116629819D19008E299B /* SceneDelegate.swift in Sources */ = {isa = PBXBuildFile; fileRef = 5BC5116529819D19008E299B /* SceneDelegate.swift */; };
		5BC5116829819D19008E299B /* ViewController.swift in Sources */ = {isa = PBXBuildFile; fileRef = 5BC5116729819D19008E299B /* ViewController.swift */; };
		5BC5116B29819D19008E299B /* Main.storyboard in Resources */ = {isa = PBXBuildFile; fileRef = 5BC5116929819D19008E299B /* Main.storyboard */; };
		5BC5116D29819D1A008E299B /* Assets.xcassets in Resources */ = {isa = PBXBuildFile; fileRef = 5BC5116C29819D1A008E299B /* Assets.xcassets */; };
		5BC5117029819D1A008E299B /* LaunchScreen.storyboard in Resources */ = {isa = PBXBuildFile; fileRef = 5BC5116E29819D1A008E299B /* LaunchScreen.storyboard */; };
		5BC5117B29819D1A008E299B /* DoisBingoTests.swift in Sources */ = {isa = PBXBuildFile; fileRef = 5BC5117A29819D1A008E299B /* DoisBingoTests.swift */; };
		5BC5118529819D1A008E299B /* DoisBingoUITests.swift in Sources */ = {isa = PBXBuildFile; fileRef = 5BC5118429819D1A008E299B /* DoisBingoUITests.swift */; };
		5BC5118729819D1A008E299B /* DoisBingoUITestsLaunchTests.swift in Sources */ = {isa = PBXBuildFile; fileRef = 5BC5118629819D1A008E299B /* DoisBingoUITestsLaunchTests.swift */; };
/* End PBXBuildFile section */

/* Begin PBXContainerItemProxy section */
		5BC5117729819D1A008E299B /* PBXContainerItemProxy */ = {
			isa = PBXContainerItemProxy;
			containerPortal = 5BC5115829819D19008E299B /* Project object */;
			proxyType = 1;
			remoteGlobalIDString = 5BC5115F29819D19008E299B;
			remoteInfo = DoisBingo;
		};
		5BC5118129819D1A008E299B /* PBXContainerItemProxy */ = {
			isa = PBXContainerItemProxy;
			containerPortal = 5BC5115829819D19008E299B /* Project object */;
			proxyType = 1;
			remoteGlobalIDString = 5BC5115F29819D19008E299B;
			remoteInfo = DoisBingo;
		};
/* End PBXContainerItemProxy section */

/* Begin PBXFileReference section */
		5BC5116029819D19008E299B /* DoisBingo.app */ = {isa = PBXFileReference; explicitFileType = wrapper.application; includeInIndex = 0; path = DoisBingo.app; sourceTree = BUILT_PRODUCTS_DIR; };
		5BC5116329819D19008E299B /* AppDelegate.swift */ = {isa = PBXFileReference; lastKnownFileType = sourcecode.swift; path = AppDelegate.swift; sourceTree = "<group>"; };
		5BC5116529819D19008E299B /* SceneDelegate.swift */ = {isa = PBXFileReference; lastKnownFileType = sourcecode.swift; path = SceneDelegate.swift; sourceTree = "<group>"; };
		5BC5116729819D19008E299B /* ViewController.swift */ = {isa = PBXFileReference; lastKnownFileType = sourcecode.swift; path = ViewController.swift; sourceTree = "<group>"; };
		5BC5116A29819D19008E299B /* Base */ = {isa = PBXFileReference; lastKnownFileType = file.storyboard; name = Base; path = Base.lproj/Main.storyboard; sourceTree = "<group>"; };
		5BC5116C29819D1A008E299B /* Assets.xcassets */ = {isa = PBXFileReference; lastKnownFileType = folder.assetcatalog; path = Assets.xcassets; sourceTree = "<group>"; };
		5BC5116F29819D1A008E299B /* Base */ = {isa = PBXFileReference; lastKnownFileType = file.storyboard; name = Base; path = Base.lproj/LaunchScreen.storyboard; sourceTree = "<group>"; };
		5BC5117129819D1A008E299B /* Info.plist */ = {isa = PBXFileReference; lastKnownFileType = text.plist.xml; path = Info.plist; sourceTree = "<group>"; };
		5BC5117629819D1A008E299B /* DoisBingoTests.xctest */ = {isa = PBXFileReference; explicitFileType = wrapper.cfbundle; includeInIndex = 0; path = DoisBingoTests.xctest; sourceTree = BUILT_PRODUCTS_DIR; };
		5BC5117A29819D1A008E299B /* DoisBingoTests.swift */ = {isa = PBXFileReference; lastKnownFileType = sourcecode.swift; path = DoisBingoTests.swift; sourceTree = "<group>"; };
		5BC5118029819D1A008E299B /* DoisBingoUITests.xctest */ = {isa = PBXFileReference; explicitFileType = wrapper.cfbundle; includeInIndex = 0; path = DoisBingoUITests.xctest; sourceTree = BUILT_PRODUCTS_DIR; };
		5BC5118429819D1A008E299B /* DoisBingoUITests.swift */ = {isa = PBXFileReference; lastKnownFileType = sourcecode.swift; path = DoisBingoUITests.swift; sourceTree = "<group>"; };
		5BC5118629819D1A008E299B /* DoisBingoUITestsLaunchTests.swift */ = {isa = PBXFileReference; lastKnownFileType = sourcecode.swift; path = DoisBingoUITestsLaunchTests.swift; sourceTree = "<group>"; };
/* End PBXFileReference section */

/* Begin PBXFrameworksBuildPhase section */
		5BC5115D29819D19008E299B /* Frameworks */ = {
			isa = PBXFrameworksBuildPhase;
			buildActionMask = 2147483647;
			files = (
			);
			runOnlyForDeploymentPostprocessing = 0;
		};
		5BC5117329819D1A008E299B /* Frameworks */ = {
			isa = PBXFrameworksBuildPhase;
			buildActionMask = 2147483647;
			files = (
			);
			runOnlyForDeploymentPostprocessing = 0;
		};
		5BC5117D29819D1A008E299B /* Frameworks */ = {
			isa = PBXFrameworksBuildPhase;
			buildActionMask = 2147483647;
			files = (
			);
			runOnlyForDeploymentPostprocessing = 0;
		};
/* End PBXFrameworksBuildPhase section */

/* Begin PBXGroup section */
		5BC5115729819D19008E299B = {
			isa = PBXGroup;
			children = (
				5BC5116229819D19008E299B /* DoisBingo */,
				5BC5117929819D1A008E299B /* DoisBingoTests */,
				5BC5118329819D1A008E299B /* DoisBingoUITests */,
				5BC5116129819D19008E299B /* Products */,
			);
			sourceTree = "<group>";
		};
		5BC5116129819D19008E299B /* Products */ = {
			isa = PBXGroup;
			children = (
				5BC5116029819D19008E299B /* DoisBingo.app */,
				5BC5117629819D1A008E299B /* DoisBingoTests.xctest */,
				5BC5118029819D1A008E299B /* DoisBingoUITests.xctest */,
			);
			name = Products;
			sourceTree = "<group>";
		};
		5BC5116229819D19008E299B /* DoisBingo */ = {
			isa = PBXGroup;
			children = (
				5BC5116329819D19008E299B /* AppDelegate.swift */,
				5BC5116529819D19008E299B /* SceneDelegate.swift */,
				5BC5116729819D19008E299B /* ViewController.swift */,
				5BC5116929819D19008E299B /* Main.storyboard */,
				5BC5116C29819D1A008E299B /* Assets.xcassets */,
				5BC5116E29819D1A008E299B /* LaunchScreen.storyboard */,
				5BC5117129819D1A008E299B /* Info.plist */,
			);
			path = DoisBingo;
			sourceTree = "<group>";
		};
		5BC5117929819D1A008E299B /* DoisBingoTests */ = {
			isa = PBXGroup;
			children = (
				5BC5117A29819D1A008E299B /* DoisBingoTests.swift */,
			);
			path = DoisBingoTests;
			sourceTree = "<group>";
		};
		5BC5118329819D1A008E299B /* DoisBingoUITests */ = {
			isa = PBXGroup;
			children = (
				5BC5118429819D1A008E299B /* DoisBingoUITests.swift */,
				5BC5118629819D1A008E299B /* DoisBingoUITestsLaunchTests.swift */,
			);
			path = DoisBingoUITests;
			sourceTree = "<group>";
		};
/* End PBXGroup section */

/* Begin PBXNativeTarget section */
		5BC5115F29819D19008E299B /* DoisBingo */ = {
			isa = PBXNativeTarget;
			buildConfigurationList = 5BC5118A29819D1A008E299B /* Build configuration list for PBXNativeTarget "DoisBingo" */;
			buildPhases = (
				5BC5115C29819D19008E299B /* Sources */,
				5BC5115D29819D19008E299B /* Frameworks */,
				5BC5115E29819D19008E299B /* Resources */,
			);
			buildRules = (
			);
			dependencies = (
			);
			name = DoisBingo;
			productName = DoisBingo;
			productReference = 5BC5116029819D19008E299B /* DoisBingo.app */;
			productType = "com.apple.product-type.application";
		};
		5BC5117529819D1A008E299B /* DoisBingoTests */ = {
			isa = PBXNativeTarget;
			buildConfigurationList = 5BC5118D29819D1A008E299B /* Build configuration list for PBXNativeTarget "DoisBingoTests" */;
			buildPhases = (
				5BC5117229819D1A008E299B /* Sources */,
				5BC5117329819D1A008E299B /* Frameworks */,
				5BC5117429819D1A008E299B /* Resources */,
			);
			buildRules = (
			);
			dependencies = (
				5BC5117829819D1A008E299B /* PBXTargetDependency */,
			);
			name = DoisBingoTests;
			productName = DoisBingoTests;
			productReference = 5BC5117629819D1A008E299B /* DoisBingoTests.xctest */;
			productType = "com.apple.product-type.bundle.unit-test";
		};
		5BC5117F29819D1A008E299B /* DoisBingoUITests */ = {
			isa = PBXNativeTarget;
			buildConfigurationList = 5BC5119029819D1A008E299B /* Build configuration list for PBXNativeTarget "DoisBingoUITests" */;
			buildPhases = (
				5BC5117C29819D1A008E299B /* Sources */,
				5BC5117D29819D1A008E299B /* Frameworks */,
				5BC5117E29819D1A008E299B /* Resources */,
			);
			buildRules = (
			);
			dependencies = (
				5BC5118229819D1A008E299B /* PBXTargetDependency */,
			);
			name = DoisBingoUITests;
			productName = DoisBingoUITests;
			productReference = 5BC5118029819D1A008E299B /* DoisBingoUITests.xctest */;
			productType = "com.apple.product-type.bundle.ui-testing";
		};
/* End PBXNativeTarget section */

/* Begin PBXProject section */
		5BC5115829819D19008E299B /* Project object */ = {
			isa = PBXProject;
			attributes = {
				BuildIndependentTargetsInParallel = 1;
				LastSwiftUpdateCheck = 1420;
				LastUpgradeCheck = 1420;
				TargetAttributes = {
					5BC5115F29819D19008E299B = {
						CreatedOnToolsVersion = 14.2;
					};
					5BC5117529819D1A008E299B = {
						CreatedOnToolsVersion = 14.2;
						TestTargetID = 5BC5115F29819D19008E299B;
					};
					5BC5117F29819D1A008E299B = {
						CreatedOnToolsVersion = 14.2;
						TestTargetID = 5BC5115F29819D19008E299B;
					};
				};
			};
			buildConfigurationList = 5BC5115B29819D19008E299B /* Build configuration list for PBXProject "DoisBingo" */;
			compatibilityVersion = "Xcode 14.0";
			developmentRegion = en;
			hasScannedForEncodings = 0;
			knownRegions = (
				en,
				Base,
			);
			mainGroup = 5BC5115729819D19008E299B;
			productRefGroup = 5BC5116129819D19008E299B /* Products */;
			projectDirPath = "";
			projectRoot = "";
			targets = (
				5BC5115F29819D19008E299B /* DoisBingo */,
				5BC5117529819D1A008E299B /* DoisBingoTests */,
				5BC5117F29819D1A008E299B /* DoisBingoUITests */,
			);
		};
/* End PBXProject section */

/* Begin PBXResourcesBuildPhase section */
		5BC5115E29819D19008E299B /* Resources */ = {
			isa = PBXResourcesBuildPhase;
			buildActionMask = 2147483647;
			files = (
				5BC5117029819D1A008E299B /* LaunchScreen.storyboard in Resources */,
				5BC5116D29819D1A008E299B /* Assets.xcassets in Resources */,
				5BC5116B29819D19008E299B /* Main.storyboard in Resources */,
			);
			runOnlyForDeploymentPostprocessing = 0;
		};
		5BC5117429819D1A008E299B /* Resources */ = {
			isa = PBXResourcesBuildPhase;
			buildActionMask = 2147483647;
			files = (
			);
			runOnlyForDeploymentPostprocessing = 0;
		};
		5BC5117E29819D1A008E299B /* Resources */ = {
			isa = PBXResourcesBuildPhase;
			buildActionMask = 2147483647;
			files = (
			);
			runOnlyForDeploymentPostprocessing = 0;
		};
/* End PBXResourcesBuildPhase section */

/* Begin PBXSourcesBuildPhase section */
		5BC5115C29819D19008E299B /* Sources */ = {
			isa = PBXSourcesBuildPhase;
			buildActionMask = 2147483647;
			files = (
				5BC5116829819D19008E299B /* ViewController.swift in Sources */,
				5BC5116429819D19008E299B /* AppDelegate.swift in Sources */,
				5BC5116629819D19008E299B /* SceneDelegate.swift in Sources */,
			);
			runOnlyForDeploymentPostprocessing = 0;
		};
		5BC5117229819D1A008E299B /* Sources */ = {
			isa = PBXSourcesBuildPhase;
			buildActionMask = 2147483647;
			files = (
				5BC5117B29819D1A008E299B /* DoisBingoTests.swift in Sources */,
			);
			runOnlyForDeploymentPostprocessing = 0;
		};
		5BC5117C29819D1A008E299B /* Sources */ = {
			isa = PBXSourcesBuildPhase;
			buildActionMask = 2147483647;
			files = (
				5BC5118529819D1A008E299B /* DoisBingoUITests.swift in Sources */,
				5BC5118729819D1A008E299B /* DoisBingoUITestsLaunchTests.swift in Sources */,
			);
			runOnlyForDeploymentPostprocessing = 0;
		};
/* End PBXSourcesBuildPhase section */

/* Begin PBXTargetDependency section */
		5BC5117829819D1A008E299B /* PBXTargetDependency */ = {
			isa = PBXTargetDependency;
			target = 5BC5115F29819D19008E299B /* DoisBingo */;
			targetProxy = 5BC5117729819D1A008E299B /* PBXContainerItemProxy */;
		};
		5BC5118229819D1A008E299B /* PBXTargetDependency */ = {
			isa = PBXTargetDependency;
			target = 5BC5115F29819D19008E299B /* DoisBingo */;
			targetProxy = 5BC5118129819D1A008E299B /* PBXContainerItemProxy */;
		};
/* End PBXTargetDependency section */

/* Begin PBXVariantGroup section */
		5BC5116929819D19008E299B /* Main.storyboard */ = {
			isa = PBXVariantGroup;
			children = (
				5BC5116A29819D19008E299B /* Base */,
			);
			name = Main.storyboard;
			sourceTree = "<group>";
		};
		5BC5116E29819D1A008E299B /* LaunchScreen.storyboard */ = {
			isa = PBXVariantGroup;
			children = (
				5BC5116F29819D1A008E299B /* Base */,
			);
			name = LaunchScreen.storyboard;
			sourceTree = "<group>";
		};
/* End PBXVariantGroup section */

/* Begin XCBuildConfiguration section */
		5BC5118829819D1A008E299B /* Debug */ = {
			isa = XCBuildConfiguration;
			buildSettings = {
				ALWAYS_SEARCH_USER_PATHS = NO;
				CLANG_ANALYZER_NONNULL = YES;
				CLANG_ANALYZER_NUMBER_OBJECT_CONVERSION = YES_AGGRESSIVE;
				CLANG_CXX_LANGUAGE_STANDARD = "gnu++20";
				CLANG_ENABLE_MODULES = YES;
				CLANG_ENABLE_OBJC_ARC = YES;
				CLANG_ENABLE_OBJC_WEAK = YES;
				CLANG_WARN_BLOCK_CAPTURE_AUTORELEASING = YES;
				CLANG_WARN_BOOL_CONVERSION = YES;
				CLANG_WARN_COMMA = YES;
				CLANG_WARN_CONSTANT_CONVERSION = YES;
				CLANG_WARN_DEPRECATED_OBJC_IMPLEMENTATIONS = YES;
				CLANG_WARN_DIRECT_OBJC_ISA_USAGE = YES_ERROR;
				CLANG_WARN_DOCUMENTATION_COMMENTS = YES;
				CLANG_WARN_EMPTY_BODY = YES;
				CLANG_WARN_ENUM_CONVERSION = YES;
				CLANG_WARN_INFINITE_RECURSION = YES;
				CLANG_WARN_INT_CONVERSION = YES;
				CLANG_WARN_NON_LITERAL_NULL_CONVERSION = YES;
				CLANG_WARN_OBJC_IMPLICIT_RETAIN_SELF = YES;
				CLANG_WARN_OBJC_LITERAL_CONVERSION = YES;
				CLANG_WARN_OBJC_ROOT_CLASS = YES_ERROR;
				CLANG_WARN_QUOTED_INCLUDE_IN_FRAMEWORK_HEADER = YES;
				CLANG_WARN_RANGE_LOOP_ANALYSIS = YES;
				CLANG_WARN_STRICT_PROTOTYPES = YES;
				CLANG_WARN_SUSPICIOUS_MOVE = YES;
				CLANG_WARN_UNGUARDED_AVAILABILITY = YES_AGGRESSIVE;
				CLANG_WARN_UNREACHABLE_CODE = YES;
				CLANG_WARN__DUPLICATE_METHOD_MATCH = YES;
				COPY_PHASE_STRIP = NO;
				DEBUG_INFORMATION_FORMAT = dwarf;
				ENABLE_STRICT_OBJC_MSGSEND = YES;
				ENABLE_TESTABILITY = YES;
				GCC_C_LANGUAGE_STANDARD = gnu11;
				GCC_DYNAMIC_NO_PIC = NO;
				GCC_NO_COMMON_BLOCKS = YES;
				GCC_OPTIMIZATION_LEVEL = 0;
				GCC_PREPROCESSOR_DEFINITIONS = (
					"DEBUG=1",
					"$(inherited)",
				);
				GCC_WARN_64_TO_32_BIT_CONVERSION = YES;
				GCC_WARN_ABOUT_RETURN_TYPE = YES_ERROR;
				GCC_WARN_UNDECLARED_SELECTOR = YES;
				GCC_WARN_UNINITIALIZED_AUTOS = YES_AGGRESSIVE;
				GCC_WARN_UNUSED_FUNCTION = YES;
				GCC_WARN_UNUSED_VARIABLE = YES;
				IPHONEOS_DEPLOYMENT_TARGET = 16.2;
				MTL_ENABLE_DEBUG_INFO = INCLUDE_SOURCE;
				MTL_FAST_MATH = YES;
				ONLY_ACTIVE_ARCH = YES;
				SDKROOT = iphoneos;
				SWIFT_ACTIVE_COMPILATION_CONDITIONS = DEBUG;
				SWIFT_OPTIMIZATION_LEVEL = "-Onone";
			};
			name = Debug;
		};
		5BC5118929819D1A008E299B /* Release */ = {
			isa = XCBuildConfiguration;
			buildSettings = {
				ALWAYS_SEARCH_USER_PATHS = NO;
				CLANG_ANALYZER_NONNULL = YES;
				CLANG_ANALYZER_NUMBER_OBJECT_CONVERSION = YES_AGGRESSIVE;
				CLANG_CXX_LANGUAGE_STANDARD = "gnu++20";
				CLANG_ENABLE_MODULES = YES;
				CLANG_ENABLE_OBJC_ARC = YES;
				CLANG_ENABLE_OBJC_WEAK = YES;
				CLANG_WARN_BLOCK_CAPTURE_AUTORELEASING = YES;
				CLANG_WARN_BOOL_CONVERSION = YES;
				CLANG_WARN_COMMA = YES;
				CLANG_WARN_CONSTANT_CONVERSION = YES;
				CLANG_WARN_DEPRECATED_OBJC_IMPLEMENTATIONS = YES;
				CLANG_WARN_DIRECT_OBJC_ISA_USAGE = YES_ERROR;
				CLANG_WARN_DOCUMENTATION_COMMENTS = YES;
				CLANG_WARN_EMPTY_BODY = YES;
				CLANG_WARN_ENUM_CONVERSION = YES;
				CLANG_WARN_INFINITE_RECURSION = YES;
				CLANG_WARN_INT_CONVERSION = YES;
				CLANG_WARN_NON_LITERAL_NULL_CONVERSION = YES;
				CLANG_WARN_OBJC_IMPLICIT_RETAIN_SELF = YES;
				CLANG_WARN_OBJC_LITERAL_CONVERSION = YES;
				CLANG_WARN_OBJC_ROOT_CLASS = YES_ERROR;
				CLANG_WARN_QUOTED_INCLUDE_IN_FRAMEWORK_HEADER = YES;
				CLANG_WARN_RANGE_LOOP_ANALYSIS = YES;
				CLANG_WARN_STRICT_PROTOTYPES = YES;
				CLANG_WARN_SUSPICIOUS_MOVE = YES;
				CLANG_WARN_UNGUARDED_AVAILABILITY = YES_AGGRESSIVE;
				CLANG_WARN_UNREACHABLE_CODE = YES;
				CLANG_WARN__DUPLICATE_METHOD_MATCH = YES;
				COPY_PHASE_STRIP = NO;
				DEBUG_INFORMATION_FORMAT = "dwarf-with-dsym";
				ENABLE_NS_ASSERTIONS = NO;
				ENABLE_STRICT_OBJC_MSGSEND = YES;
				GCC_C_LANGUAGE_STANDARD = gnu11;
				GCC_NO_COMMON_BLOCKS = YES;
				GCC_WARN_64_TO_32_BIT_CONVERSION = YES;
				GCC_WARN_ABOUT_RETURN_TYPE = YES_ERROR;
				GCC_WARN_UNDECLARED_SELECTOR = YES;
				GCC_WARN_UNINITIALIZED_AUTOS = YES_AGGRESSIVE;
				GCC_WARN_UNUSED_FUNCTION = YES;
				GCC_WARN_UNUSED_VARIABLE = YES;
				IPHONEOS_DEPLOYMENT_TARGET = 16.2;
				MTL_ENABLE_DEBUG_INFO = NO;
				MTL_FAST_MATH = YES;
				SDKROOT = iphoneos;
				SWIFT_COMPILATION_MODE = wholemodule;
				SWIFT_OPTIMIZATION_LEVEL = "-O";
				VALIDATE_PRODUCT = YES;
			};
			name = Release;
		};
		5BC5118B29819D1A008E299B /* Debug */ = {
			isa = XCBuildConfiguration;
			buildSettings = {
				ASSETCATALOG_COMPILER_APPICON_NAME = AppIcon;
				ASSETCATALOG_COMPILER_GLOBAL_ACCENT_COLOR_NAME = AccentColor;
				CODE_SIGN_STYLE = Automatic;
				CURRENT_PROJECT_VERSION = 1;
				DEVELOPMENT_TEAM = WK7599VNDW;
				GENERATE_INFOPLIST_FILE = YES;
				INFOPLIST_FILE = DoisBingo/Info.plist;
				INFOPLIST_KEY_UIApplicationSupportsIndirectInputEvents = YES;
				INFOPLIST_KEY_UILaunchStoryboardName = LaunchScreen;
				INFOPLIST_KEY_UIMainStoryboardFile = Main;
				INFOPLIST_KEY_UISupportedInterfaceOrientations_iPad = "UIInterfaceOrientationPortrait UIInterfaceOrientationPortraitUpsideDown UIInterfaceOrientationLandscapeLeft UIInterfaceOrientationLandscapeRight";
				INFOPLIST_KEY_UISupportedInterfaceOrientations_iPhone = "UIInterfaceOrientationPortrait UIInterfaceOrientationLandscapeLeft UIInterfaceOrientationLandscapeRight";
				LD_RUNPATH_SEARCH_PATHS = (
					"$(inherited)",
					"@executable_path/Frameworks",
				);
				MARKETING_VERSION = 1.0;
				PRODUCT_BUNDLE_IDENTIFIER = com.gbrlcm.App.DoisBingo;
				PRODUCT_NAME = "$(TARGET_NAME)";
				SWIFT_EMIT_LOC_STRINGS = YES;
				SWIFT_VERSION = 5.0;
				TARGETED_DEVICE_FAMILY = "1,2";
			};
			name = Debug;
		};
		5BC5118C29819D1A008E299B /* Release */ = {
			isa = XCBuildConfiguration;
			buildSettings = {
				ASSETCATALOG_COMPILER_APPICON_NAME = AppIcon;
				ASSETCATALOG_COMPILER_GLOBAL_ACCENT_COLOR_NAME = AccentColor;
				CODE_SIGN_STYLE = Automatic;
				CURRENT_PROJECT_VERSION = 1;
				DEVELOPMENT_TEAM = WK7599VNDW;
				GENERATE_INFOPLIST_FILE = YES;
				INFOPLIST_FILE = DoisBingo/Info.plist;
				INFOPLIST_KEY_UIApplicationSupportsIndirectInputEvents = YES;
				INFOPLIST_KEY_UILaunchStoryboardName = LaunchScreen;
				INFOPLIST_KEY_UIMainStoryboardFile = Main;
				INFOPLIST_KEY_UISupportedInterfaceOrientations_iPad = "UIInterfaceOrientationPortrait UIInterfaceOrientationPortraitUpsideDown UIInterfaceOrientationLandscapeLeft UIInterfaceOrientationLandscapeRight";
				INFOPLIST_KEY_UISupportedInterfaceOrientations_iPhone = "UIInterfaceOrientationPortrait UIInterfaceOrientationLandscapeLeft UIInterfaceOrientationLandscapeRight";
				LD_RUNPATH_SEARCH_PATHS = (
					"$(inherited)",
					"@executable_path/Frameworks",
				);
				MARKETING_VERSION = 1.0;
				PRODUCT_BUNDLE_IDENTIFIER = com.gbrlcm.App.DoisBingo;
				PRODUCT_NAME = "$(TARGET_NAME)";
				SWIFT_EMIT_LOC_STRINGS = YES;
				SWIFT_VERSION = 5.0;
				TARGETED_DEVICE_FAMILY = "1,2";
			};
			name = Release;
		};
		5BC5118E29819D1A008E299B /* Debug */ = {
			isa = XCBuildConfiguration;
			buildSettings = {
				ALWAYS_EMBED_SWIFT_STANDARD_LIBRARIES = YES;
				BUNDLE_LOADER = "$(TEST_HOST)";
				CODE_SIGN_STYLE = Automatic;
				CURRENT_PROJECT_VERSION = 1;
				DEVELOPMENT_TEAM = WK7599VNDW;
				GENERATE_INFOPLIST_FILE = YES;
				IPHONEOS_DEPLOYMENT_TARGET = 16.2;
				MARKETING_VERSION = 1.0;
				PRODUCT_BUNDLE_IDENTIFIER = com.gbrlcm.App.DoisBingoTests;
				PRODUCT_NAME = "$(TARGET_NAME)";
				SWIFT_EMIT_LOC_STRINGS = NO;
				SWIFT_VERSION = 5.0;
				TARGETED_DEVICE_FAMILY = "1,2";
				TEST_HOST = "$(BUILT_PRODUCTS_DIR)/DoisBingo.app/$(BUNDLE_EXECUTABLE_FOLDER_PATH)/DoisBingo";
			};
			name = Debug;
		};
		5BC5118F29819D1A008E299B /* Release */ = {
			isa = XCBuildConfiguration;
			buildSettings = {
				ALWAYS_EMBED_SWIFT_STANDARD_LIBRARIES = YES;
				BUNDLE_LOADER = "$(TEST_HOST)";
				CODE_SIGN_STYLE = Automatic;
				CURRENT_PROJECT_VERSION = 1;
				DEVELOPMENT_TEAM = WK7599VNDW;
				GENERATE_INFOPLIST_FILE = YES;
				IPHONEOS_DEPLOYMENT_TARGET = 16.2;
				MARKETING_VERSION = 1.0;
				PRODUCT_BUNDLE_IDENTIFIER = com.gbrlcm.App.DoisBingoTests;
				PRODUCT_NAME = "$(TARGET_NAME)";
				SWIFT_EMIT_LOC_STRINGS = NO;
				SWIFT_VERSION = 5.0;
				TARGETED_DEVICE_FAMILY = "1,2";
				TEST_HOST = "$(BUILT_PRODUCTS_DIR)/DoisBingo.app/$(BUNDLE_EXECUTABLE_FOLDER_PATH)/DoisBingo";
			};
			name = Release;
		};
		5BC5119129819D1A008E299B /* Debug */ = {
			isa = XCBuildConfiguration;
			buildSettings = {
				ALWAYS_EMBED_SWIFT_STANDARD_LIBRARIES = YES;
				CODE_SIGN_STYLE = Automatic;
				CURRENT_PROJECT_VERSION = 1;
				DEVELOPMENT_TEAM = WK7599VNDW;
				GENERATE_INFOPLIST_FILE = YES;
				MARKETING_VERSION = 1.0;
				PRODUCT_BUNDLE_IDENTIFIER = com.gbrlcm.App.DoisBingoUITests;
				PRODUCT_NAME = "$(TARGET_NAME)";
				SWIFT_EMIT_LOC_STRINGS = NO;
				SWIFT_VERSION = 5.0;
				TARGETED_DEVICE_FAMILY = "1,2";
				TEST_TARGET_NAME = DoisBingo;
			};
			name = Debug;
		};
		5BC5119229819D1A008E299B /* Release */ = {
			isa = XCBuildConfiguration;
			buildSettings = {
				ALWAYS_EMBED_SWIFT_STANDARD_LIBRARIES = YES;
				CODE_SIGN_STYLE = Automatic;
				CURRENT_PROJECT_VERSION = 1;
				DEVELOPMENT_TEAM = WK7599VNDW;
				GENERATE_INFOPLIST_FILE = YES;
				MARKETING_VERSION = 1.0;
				PRODUCT_BUNDLE_IDENTIFIER = com.gbrlcm.App.DoisBingoUITests;
				PRODUCT_NAME = "$(TARGET_NAME)";
				SWIFT_EMIT_LOC_STRINGS = NO;
				SWIFT_VERSION = 5.0;
				TARGETED_DEVICE_FAMILY = "1,2";
				TEST_TARGET_NAME = DoisBingo;
			};
			name = Release;
		};
/* End XCBuildConfiguration section */

/* Begin XCConfigurationList section */
		5BC5115B29819D19008E299B /* Build configuration list for PBXProject "DoisBingo" */ = {
			isa = XCConfigurationList;
			buildConfigurations = (
				5BC5118829819D1A008E299B /* Debug */,
				5BC5118929819D1A008E299B /* Release */,
			);
			defaultConfigurationIsVisible = 0;
			defaultConfigurationName = Release;
		};
		5BC5118A29819D1A008E299B /* Build configuration list for PBXNativeTarget "DoisBingo" */ = {
			isa = XCConfigurationList;
			buildConfigurations = (
				5BC5118B29819D1A008E299B /* Debug */,
				5BC5118C29819D1A008E299B /* Release */,
			);
			defaultConfigurationIsVisible = 0;
			defaultConfigurationName = Release;
		};
		5BC5118D29819D1A008E299B /* Build configuration list for PBXNativeTarget "DoisBingoTests" */ = {
			isa = XCConfigurationList;
			buildConfigurations = (
				5BC5118E29819D1A008E299B /* Debug */,
				5BC5118F29819D1A008E299B /* Release */,
			);
			defaultConfigurationIsVisible = 0;
			defaultConfigurationName = Release;
		};
		5BC5119029819D1A008E299B /* Build configuration list for PBXNativeTarget "DoisBingoUITests" */ = {
			isa = XCConfigurationList;
			buildConfigurations = (
				5BC5119129819D1A008E299B /* Debug */,
				5BC5119229819D1A008E299B /* Release */,
			);
			defaultConfigurationIsVisible = 0;
			defaultConfigurationName = Release;
		};
/* End XCConfigurationList section */
	};
	rootObject = 5BC5115829819D19008E299B /* Project object */;
}
